
Microsoft Visual Studio Solution File, Format Version 12.00
# Visual Studio Version 17
VisualStudioVersion = 17.9.34701.34
MinimumVisualStudioVersion = 10.0.40219.1
Project("{FAE04EC0-301F-11D3-BF4B-00C04F79EFBC}") = "Local Encrypted Password Manager", "Local Encrypted Password Manager.csproj", "{7F3B471B-70F7-4235-91EF-47786DF83A1A}"
EndProject
Global
	GlobalSection(SolutionConfigurationPlatforms) = preSolution
		Debug|Any CPU = Debug|Any CPU
		Release|Any CPU = Release|Any CPU
	EndGlobalSection
	GlobalSection(ProjectConfigurationPlatforms) = postSolution
		{7F3B471B-70F7-4235-91EF-47786DF83A1A}.Debug|Any CPU.ActiveCfg = Debug|Any CPU
		{7F3B471B-70F7-4235-91EF-47786DF83A1A}.Debug|Any CPU.Build.0 = Debug|Any CPU
		{7F3B471B-70F7-4235-91EF-47786DF83A1A}.Release|Any CPU.ActiveCfg = Release|Any CPU
		{7F3B471B-70F7-4235-91EF-47786DF83A1A}.Release|Any CPU.Build.0 = Release|Any CPU
	EndGlobalSection
	GlobalSection(SolutionProperties) = preSolution
		HideSolutionNode = FALSE
	EndGlobalSection
	GlobalSection(ExtensibilityGlobals) = postSolution
		SolutionGuid = {8371A668-741C-4A75-9050-2A2D826692D7}
	EndGlobalSection
EndGlobal
